
Microsoft Visual Studio Solution File, Format Version 12.00
# Visual Studio Version 16
VisualStudioVersion = 16.0.30621.155
MinimumVisualStudioVersion = 10.0.40219.1
Project("{FAE04EC0-301F-11D3-BF4B-00C04F79EFBC}") = "WPFTrader", "WPFTrader\WPFTrader.csproj", "{C828F543-A245-4504-A096-18E8001EDDA5}"
EndProject
Project("{FAE04EC0-301F-11D3-BF4B-00C04F79EFBC}") = "MetierTrader", "MetierTrader\MetierTrader.csproj", "{AF45ED98-1E6E-40FD-A825-8CDA148AEDAB}"
EndProject
Project("{FAE04EC0-301F-11D3-BF4B-00C04F79EFBC}") = "GestionnaireBDD", "GestionnaireBDD\GestionnaireBDD.csproj", "{B4975537-185D-4B2C-ABEE-82194369BCA4}"
EndProject
Global
	GlobalSection(SolutionConfigurationPlatforms) = preSolution
		Debug|Any CPU = Debug|Any CPU
		Release|Any CPU = Release|Any CPU
	EndGlobalSection
	GlobalSection(ProjectConfigurationPlatforms) = postSolution
		{C828F543-A245-4504-A096-18E8001EDDA5}.Debug|Any CPU.ActiveCfg = Debug|Any CPU
		{C828F543-A245-4504-A096-18E8001EDDA5}.Debug|Any CPU.Build.0 = Debug|Any CPU
		{C828F543-A245-4504-A096-18E8001EDDA5}.Release|Any CPU.ActiveCfg = Release|Any CPU
		{C828F543-A245-4504-A096-18E8001EDDA5}.Release|Any CPU.Build.0 = Release|Any CPU
		{AF45ED98-1E6E-40FD-A825-8CDA148AEDAB}.Debug|Any CPU.ActiveCfg = Debug|Any CPU
		{AF45ED98-1E6E-40FD-A825-8CDA148AEDAB}.Debug|Any CPU.Build.0 = Debug|Any CPU
		{AF45ED98-1E6E-40FD-A825-8CDA148AEDAB}.Release|Any CPU.ActiveCfg = Release|Any CPU
		{AF45ED98-1E6E-40FD-A825-8CDA148AEDAB}.Release|Any CPU.Build.0 = Release|Any CPU
		{B4975537-185D-4B2C-ABEE-82194369BCA4}.Debug|Any CPU.ActiveCfg = Debug|Any CPU
		{B4975537-185D-4B2C-ABEE-82194369BCA4}.Debug|Any CPU.Build.0 = Debug|Any CPU
		{B4975537-185D-4B2C-ABEE-82194369BCA4}.Release|Any CPU.ActiveCfg = Release|Any CPU
		{B4975537-185D-4B2C-ABEE-82194369BCA4}.Release|Any CPU.Build.0 = Release|Any CPU
	EndGlobalSection
	GlobalSection(SolutionProperties) = preSolution
		HideSolutionNode = FALSE
	EndGlobalSection
	GlobalSection(ExtensibilityGlobals) = postSolution
		SolutionGuid = {D2B8136C-3765-4104-8AC7-C0C42367BE1C}
	EndGlobalSection
EndGlobal
